// !$*UTF8*$!
{
	archiveVersion = 1;
	classes = {
	};
	objectVersion = 51;
	objects = {

/* Begin PBXBuildFile section */
		75D32AA5DA48A5DF2B719EB0 /* Pods_Babys_First_App.framework in Frameworks */ = {isa = PBXBuildFile; fileRef = 7DB172E6A8DE5BAE67BE599C /* Pods_Babys_First_App.framework */; };
		9E55240924C59C0B003688E5 /* BalloonGame.swift in Sources */ = {isa = PBXBuildFile; fileRef = 9E55240824C59C0B003688E5 /* BalloonGame.swift */; };
		9ED71B9224CDD1D700176593 /* AlphabetGame.swift in Sources */ = {isa = PBXBuildFile; fileRef = 9ED71B9124CDD1D700176593 /* AlphabetGame.swift */; };
		9ED71B9424CDD5EA00176593 /* checkmark.json in Resources */ = {isa = PBXBuildFile; fileRef = 9ED71B9324CDD5EA00176593 /* checkmark.json */; };
		9EDF0AA924C58AA900614A0B /* AppDelegate.swift in Sources */ = {isa = PBXBuildFile; fileRef = 9EDF0AA824C58AA900614A0B /* AppDelegate.swift */; };
		9EDF0AAB24C58AA900614A0B /* SceneDelegate.swift in Sources */ = {isa = PBXBuildFile; fileRef = 9EDF0AAA24C58AA900614A0B /* SceneDelegate.swift */; };
		9EDF0AAF24C58AAB00614A0B /* Assets.xcassets in Resources */ = {isa = PBXBuildFile; fileRef = 9EDF0AAE24C58AAB00614A0B /* Assets.xcassets */; };
		9EDF0AB224C58AAB00614A0B /* Preview Assets.xcassets in Resources */ = {isa = PBXBuildFile; fileRef = 9EDF0AB124C58AAB00614A0B /* Preview Assets.xcassets */; };
		9EDF0AB524C58AAB00614A0B /* LaunchScreen.storyboard in Resources */ = {isa = PBXBuildFile; fileRef = 9EDF0AB324C58AAB00614A0B /* LaunchScreen.storyboard */; };
		9EDF0ABD24C58ACD00614A0B /* HomeScreen.swift in Sources */ = {isa = PBXBuildFile; fileRef = 9EDF0ABC24C58ACD00614A0B /* HomeScreen.swift */; };
		9EEB17FF24CB2DD6006373EB /* confetti.json in Resources */ = {isa = PBXBuildFile; fileRef = 9EEB17FE24CB2DD6006373EB /* confetti.json */; };
		9EEB180124CB2E06006373EB /* LottieView.swift in Sources */ = {isa = PBXBuildFile; fileRef = 9EEB180024CB2E06006373EB /* LottieView.swift */; };
/* End PBXBuildFile section */

/* Begin PBXFileReference section */
		37FA48E61F46F18687B72980 /* Pods-Babys First App.release.xcconfig */ = {isa = PBXFileReference; includeInIndex = 1; lastKnownFileType = text.xcconfig; name = "Pods-Babys First App.release.xcconfig"; path = "Target Support Files/Pods-Babys First App/Pods-Babys First App.release.xcconfig"; sourceTree = "<group>"; };
		7DB172E6A8DE5BAE67BE599C /* Pods_Babys_First_App.framework */ = {isa = PBXFileReference; explicitFileType = wrapper.framework; includeInIndex = 0; path = Pods_Babys_First_App.framework; sourceTree = BUILT_PRODUCTS_DIR; };
		868832BF3F60E7BB903D435C /* Pods-Babys First App.debug.xcconfig */ = {isa = PBXFileReference; includeInIndex = 1; lastKnownFileType = text.xcconfig; name = "Pods-Babys First App.debug.xcconfig"; path = "Target Support Files/Pods-Babys First App/Pods-Babys First App.debug.xcconfig"; sourceTree = "<group>"; };
		9E55240824C59C0B003688E5 /* BalloonGame.swift */ = {isa = PBXFileReference; lastKnownFileType = sourcecode.swift; path = BalloonGame.swift; sourceTree = "<group>"; };
		9ED71B9124CDD1D700176593 /* AlphabetGame.swift */ = {isa = PBXFileReference; lastKnownFileType = sourcecode.swift; path = AlphabetGame.swift; sourceTree = "<group>"; };
		9ED71B9324CDD5EA00176593 /* checkmark.json */ = {isa = PBXFileReference; fileEncoding = 4; lastKnownFileType = text.json; name = checkmark.json; path = ../../../../Downloads/checkmark.json; sourceTree = "<group>"; };
		9EDF0AA524C58AA900614A0B /* Babys First App.app */ = {isa = PBXFileReference; explicitFileType = wrapper.application; includeInIndex = 0; path = "Babys First App.app"; sourceTree = BUILT_PRODUCTS_DIR; };
		9EDF0AA824C58AA900614A0B /* AppDelegate.swift */ = {isa = PBXFileReference; lastKnownFileType = sourcecode.swift; path = AppDelegate.swift; sourceTree = "<group>"; };
		9EDF0AAA24C58AA900614A0B /* SceneDelegate.swift */ = {isa = PBXFileReference; lastKnownFileType = sourcecode.swift; path = SceneDelegate.swift; sourceTree = "<group>"; };
		9EDF0AAE24C58AAB00614A0B /* Assets.xcassets */ = {isa = PBXFileReference; lastKnownFileType = folder.assetcatalog; path = Assets.xcassets; sourceTree = "<group>"; };
		9EDF0AB124C58AAB00614A0B /* Preview Assets.xcassets */ = {isa = PBXFileReference; lastKnownFileType = folder.assetcatalog; path = "Preview Assets.xcassets"; sourceTree = "<group>"; };
		9EDF0AB424C58AAB00614A0B /* Base */ = {isa = PBXFileReference; lastKnownFileType = file.storyboard; name = Base; path = Base.lproj/LaunchScreen.storyboard; sourceTree = "<group>"; };
		9EDF0AB624C58AAB00614A0B /* Info.plist */ = {isa = PBXFileReference; lastKnownFileType = text.plist.xml; path = Info.plist; sourceTree = "<group>"; };
		9EDF0ABC24C58ACD00614A0B /* HomeScreen.swift */ = {isa = PBXFileReference; lastKnownFileType = sourcecode.swift; path = HomeScreen.swift; sourceTree = "<group>"; };
		9EEB17FE24CB2DD6006373EB /* confetti.json */ = {isa = PBXFileReference; fileEncoding = 4; lastKnownFileType = text.json; name = confetti.json; path = ../../../../Downloads/confetti.json; sourceTree = "<group>"; };
		9EEB180024CB2E06006373EB /* LottieView.swift */ = {isa = PBXFileReference; lastKnownFileType = sourcecode.swift; path = LottieView.swift; sourceTree = "<group>"; };
/* End PBXFileReference section */

/* Begin PBXFrameworksBuildPhase section */
		9EDF0AA224C58AA900614A0B /* Frameworks */ = {
			isa = PBXFrameworksBuildPhase;
			buildActionMask = 2147483647;
			files = (
				75D32AA5DA48A5DF2B719EB0 /* Pods_Babys_First_App.framework in Frameworks */,
			);
			runOnlyForDeploymentPostprocessing = 0;
		};
/* End PBXFrameworksBuildPhase section */

/* Begin PBXGroup section */
		425BF80BD4068A2C9B68D58F /* Frameworks */ = {
			isa = PBXGroup;
			children = (
				7DB172E6A8DE5BAE67BE599C /* Pods_Babys_First_App.framework */,
			);
			name = Frameworks;
			sourceTree = "<group>";
		};
		7E8C4945D3D52F70BA12F016 /* Pods */ = {
			isa = PBXGroup;
			children = (
				868832BF3F60E7BB903D435C /* Pods-Babys First App.debug.xcconfig */,
				37FA48E61F46F18687B72980 /* Pods-Babys First App.release.xcconfig */,
			);
			path = Pods;
			sourceTree = "<group>";
		};
		9EDF0A9C24C58AA900614A0B = {
			isa = PBXGroup;
			children = (
				9EDF0AA724C58AA900614A0B /* Babys First App */,
				9EDF0AA624C58AA900614A0B /* Products */,
				7E8C4945D3D52F70BA12F016 /* Pods */,
				425BF80BD4068A2C9B68D58F /* Frameworks */,
			);
			sourceTree = "<group>";
		};
		9EDF0AA624C58AA900614A0B /* Products */ = {
			isa = PBXGroup;
			children = (
				9EDF0AA524C58AA900614A0B /* Babys First App.app */,
			);
			name = Products;
			sourceTree = "<group>";
		};
		9EDF0AA724C58AA900614A0B /* Babys First App */ = {
			isa = PBXGroup;
			children = (
				9EDF0AA824C58AA900614A0B /* AppDelegate.swift */,
				9EDF0AAA24C58AA900614A0B /* SceneDelegate.swift */,
				9EDF0ABC24C58ACD00614A0B /* HomeScreen.swift */,
				9EEB180024CB2E06006373EB /* LottieView.swift */,
				9E55240824C59C0B003688E5 /* BalloonGame.swift */,
				9ED71B9124CDD1D700176593 /* AlphabetGame.swift */,
				9EEB17FE24CB2DD6006373EB /* confetti.json */,
				9ED71B9324CDD5EA00176593 /* checkmark.json */,
				9EDF0AAE24C58AAB00614A0B /* Assets.xcassets */,
				9EDF0AB324C58AAB00614A0B /* LaunchScreen.storyboard */,
				9EDF0AB624C58AAB00614A0B /* Info.plist */,
				9EDF0AB024C58AAB00614A0B /* Preview Content */,
			);
			path = "Babys First App";
			sourceTree = "<group>";
		};
		9EDF0AB024C58AAB00614A0B /* Preview Content */ = {
			isa = PBXGroup;
			children = (
				9EDF0AB124C58AAB00614A0B /* Preview Assets.xcassets */,
			);
			path = "Preview Content";
			sourceTree = "<group>";
		};
/* End PBXGroup section */

/* Begin PBXNativeTarget section */
		9EDF0AA424C58AA900614A0B /* Babys First App */ = {
			isa = PBXNativeTarget;
			buildConfigurationList = 9EDF0AB924C58AAB00614A0B /* Build configuration list for PBXNativeTarget "Babys First App" */;
			buildPhases = (
				397E76A3B0909692A7DC0B2D /* [CP] Check Pods Manifest.lock */,
				9EDF0AA124C58AA900614A0B /* Sources */,
				9EDF0AA224C58AA900614A0B /* Frameworks */,
				9EDF0AA324C58AA900614A0B /* Resources */,
				D732EA7B3FF3AE2D053027AB /* [CP] Embed Pods Frameworks */,
			);
			buildRules = (
			);
			dependencies = (
			);
			name = "Babys First App";
			productName = "Babys First App";
			productReference = 9EDF0AA524C58AA900614A0B /* Babys First App.app */;
			productType = "com.apple.product-type.application";
		};
/* End PBXNativeTarget section */

/* Begin PBXProject section */
		9EDF0A9D24C58AA900614A0B /* Project object */ = {
			isa = PBXProject;
			attributes = {
				LastSwiftUpdateCheck = 1160;
				LastUpgradeCheck = 1160;
				ORGANIZATIONNAME = "Simon Drake";
				TargetAttributes = {
					9EDF0AA424C58AA900614A0B = {
						CreatedOnToolsVersion = 11.6;
					};
				};
			};
			buildConfigurationList = 9EDF0AA024C58AA900614A0B /* Build configuration list for PBXProject "Babys First App" */;
			compatibilityVersion = "Xcode 9.3";
			developmentRegion = en;
			hasScannedForEncodings = 0;
			knownRegions = (
				en,
				Base,
			);
			mainGroup = 9EDF0A9C24C58AA900614A0B;
			productRefGroup = 9EDF0AA624C58AA900614A0B /* Products */;
			projectDirPath = "";
			projectRoot = "";
			targets = (
				9EDF0AA424C58AA900614A0B /* Babys First App */,
			);
		};
/* End PBXProject section */

/* Begin PBXResourcesBuildPhase section */
		9EDF0AA324C58AA900614A0B /* Resources */ = {
			isa = PBXResourcesBuildPhase;
			buildActionMask = 2147483647;
			files = (
				9EDF0AB524C58AAB00614A0B /* LaunchScreen.storyboard in Resources */,
				9EEB17FF24CB2DD6006373EB /* confetti.json in Resources */,
				9ED71B9424CDD5EA00176593 /* checkmark.json in Resources */,
				9EDF0AB224C58AAB00614A0B /* Preview Assets.xcassets in Resources */,
				9EDF0AAF24C58AAB00614A0B /* Assets.xcassets in Resources */,
			);
			runOnlyForDeploymentPostprocessing = 0;
		};
/* End PBXResourcesBuildPhase section */

/* Begin PBXShellScriptBuildPhase section */
		397E76A3B0909692A7DC0B2D /* [CP] Check Pods Manifest.lock */ = {
			isa = PBXShellScriptBuildPhase;
			buildActionMask = 2147483647;
			files = (
			);
			inputFileListPaths = (
			);
			inputPaths = (
				"${PODS_PODFILE_DIR_PATH}/Podfile.lock",
				"${PODS_ROOT}/Manifest.lock",
			);
			name = "[CP] Check Pods Manifest.lock";
			outputFileListPaths = (
			);
			outputPaths = (
				"$(DERIVED_FILE_DIR)/Pods-Babys First App-checkManifestLockResult.txt",
			);
			runOnlyForDeploymentPostprocessing = 0;
			shellPath = /bin/sh;
			shellScript = "diff \"${PODS_PODFILE_DIR_PATH}/Podfile.lock\" \"${PODS_ROOT}/Manifest.lock\" > /dev/null\nif [ $? != 0 ] ; then\n    # print error to STDERR\n    echo \"error: The sandbox is not in sync with the Podfile.lock. Run 'pod install' or update your CocoaPods installation.\" >&2\n    exit 1\nfi\n# This output is used by Xcode 'outputs' to avoid re-running this script phase.\necho \"SUCCESS\" > \"${SCRIPT_OUTPUT_FILE_0}\"\n";
			showEnvVarsInLog = 0;
		};
		D732EA7B3FF3AE2D053027AB /* [CP] Embed Pods Frameworks */ = {
			isa = PBXShellScriptBuildPhase;
			buildActionMask = 2147483647;
			files = (
			);
			inputFileListPaths = (
				"${PODS_ROOT}/Target Support Files/Pods-Babys First App/Pods-Babys First App-frameworks-${CONFIGURATION}-input-files.xcfilelist",
			);
			name = "[CP] Embed Pods Frameworks";
			outputFileListPaths = (
				"${PODS_ROOT}/Target Support Files/Pods-Babys First App/Pods-Babys First App-frameworks-${CONFIGURATION}-output-files.xcfilelist",
			);
			runOnlyForDeploymentPostprocessing = 0;
			shellPath = /bin/sh;
			shellScript = "\"${PODS_ROOT}/Target Support Files/Pods-Babys First App/Pods-Babys First App-frameworks.sh\"\n";
			showEnvVarsInLog = 0;
		};
/* End PBXShellScriptBuildPhase section */

/* Begin PBXSourcesBuildPhase section */
		9EDF0AA124C58AA900614A0B /* Sources */ = {
			isa = PBXSourcesBuildPhase;
			buildActionMask = 2147483647;
			files = (
				9ED71B9224CDD1D700176593 /* AlphabetGame.swift in Sources */,
				9EDF0ABD24C58ACD00614A0B /* HomeScreen.swift in Sources */,
				9E55240924C59C0B003688E5 /* BalloonGame.swift in Sources */,
				9EEB180124CB2E06006373EB /* LottieView.swift in Sources */,
				9EDF0AA924C58AA900614A0B /* AppDelegate.swift in Sources */,
				9EDF0AAB24C58AA900614A0B /* SceneDelegate.swift in Sources */,
			);
			runOnlyForDeploymentPostprocessing = 0;
		};
/* End PBXSourcesBuildPhase section */

/* Begin PBXVariantGroup section */
		9EDF0AB324C58AAB00614A0B /* LaunchScreen.storyboard */ = {
			isa = PBXVariantGroup;
			children = (
				9EDF0AB424C58AAB00614A0B /* Base */,
			);
			name = LaunchScreen.storyboard;
			sourceTree = "<group>";
		};
/* End PBXVariantGroup section */

/* Begin XCBuildConfiguration section */
		9EDF0AB724C58AAB00614A0B /* Debug */ = {
			isa = XCBuildConfiguration;
			buildSettings = {
				ALWAYS_SEARCH_USER_PATHS = NO;
				CLANG_ANALYZER_NONNULL = YES;
				CLANG_ANALYZER_NUMBER_OBJECT_CONVERSION = YES_AGGRESSIVE;
				CLANG_CXX_LANGUAGE_STANDARD = "gnu++14";
				CLANG_CXX_LIBRARY = "libc++";
				CLANG_ENABLE_MODULES = YES;
				CLANG_ENABLE_OBJC_ARC = YES;
				CLANG_ENABLE_OBJC_WEAK = YES;
				CLANG_WARN_BLOCK_CAPTURE_AUTORELEASING = YES;
				CLANG_WARN_BOOL_CONVERSION = YES;
				CLANG_WARN_COMMA = YES;
				CLANG_WARN_CONSTANT_CONVERSION = YES;
				CLANG_WARN_DEPRECATED_OBJC_IMPLEMENTATIONS = YES;
				CLANG_WARN_DIRECT_OBJC_ISA_USAGE = YES_ERROR;
				CLANG_WARN_DOCUMENTATION_COMMENTS = YES;
				CLANG_WARN_EMPTY_BODY = YES;
				CLANG_WARN_ENUM_CONVERSION = YES;
				CLANG_WARN_INFINITE_RECURSION = YES;
				CLANG_WARN_INT_CONVERSION = YES;
				CLANG_WARN_NON_LITERAL_NULL_CONVERSION = YES;
				CLANG_WARN_OBJC_IMPLICIT_RETAIN_SELF = YES;
				CLANG_WARN_OBJC_LITERAL_CONVERSION = YES;
				CLANG_WARN_OBJC_ROOT_CLASS = YES_ERROR;
				CLANG_WARN_RANGE_LOOP_ANALYSIS = YES;
				CLANG_WARN_STRICT_PROTOTYPES = YES;
				CLANG_WARN_SUSPICIOUS_MOVE = YES;
				CLANG_WARN_UNGUARDED_AVAILABILITY = YES_AGGRESSIVE;
				CLANG_WARN_UNREACHABLE_CODE = YES;
				CLANG_WARN__DUPLICATE_METHOD_MATCH = YES;
				COPY_PHASE_STRIP = NO;
				DEAD_CODE_STRIPPING = YES;
				DEBUG_INFORMATION_FORMAT = dwarf;
				ENABLE_STRICT_OBJC_MSGSEND = YES;
				ENABLE_TESTABILITY = YES;
				GCC_C_LANGUAGE_STANDARD = gnu11;
				GCC_DYNAMIC_NO_PIC = NO;
				GCC_NO_COMMON_BLOCKS = YES;
				GCC_OPTIMIZATION_LEVEL = 0;
				GCC_PREPROCESSOR_DEFINITIONS = (
					"DEBUG=1",
					"$(inherited)",
				);
				GCC_WARN_64_TO_32_BIT_CONVERSION = YES;
				GCC_WARN_ABOUT_RETURN_TYPE = YES_ERROR;
				GCC_WARN_UNDECLARED_SELECTOR = YES;
				GCC_WARN_UNINITIALIZED_AUTOS = YES_AGGRESSIVE;
				GCC_WARN_UNUSED_FUNCTION = YES;
				GCC_WARN_UNUSED_VARIABLE = YES;
				IPHONEOS_DEPLOYMENT_TARGET = 13.6;
				MTL_ENABLE_DEBUG_INFO = INCLUDE_SOURCE;
				MTL_FAST_MATH = YES;
				ONLY_ACTIVE_ARCH = YES;
				SDKROOT = iphoneos;
				SWIFT_ACTIVE_COMPILATION_CONDITIONS = DEBUG;
				SWIFT_OPTIMIZATION_LEVEL = "-Onone";
			};
			name = Debug;
		};
		9EDF0AB824C58AAB00614A0B /* Release */ = {
			isa = XCBuildConfiguration;
			buildSettings = {
				ALWAYS_SEARCH_USER_PATHS = NO;
				CLANG_ANALYZER_NONNULL = YES;
				CLANG_ANALYZER_NUMBER_OBJECT_CONVERSION = YES_AGGRESSIVE;
				CLANG_CXX_LANGUAGE_STANDARD = "gnu++14";
				CLANG_CXX_LIBRARY = "libc++";
				CLANG_ENABLE_MODULES = YES;
				CLANG_ENABLE_OBJC_ARC = YES;
				CLANG_ENABLE_OBJC_WEAK = YES;
				CLANG_WARN_BLOCK_CAPTURE_AUTORELEASING = YES;
				CLANG_WARN_BOOL_CONVERSION = YES;
				CLANG_WARN_COMMA = YES;
				CLANG_WARN_CONSTANT_CONVERSION = YES;
				CLANG_WARN_DEPRECATED_OBJC_IMPLEMENTATIONS = YES;
				CLANG_WARN_DIRECT_OBJC_ISA_USAGE = YES_ERROR;
				CLANG_WARN_DOCUMENTATION_COMMENTS = YES;
				CLANG_WARN_EMPTY_BODY = YES;
				CLANG_WARN_ENUM_CONVERSION = YES;
				CLANG_WARN_INFINITE_RECURSION = YES;
				CLANG_WARN_INT_CONVERSION = YES;
				CLANG_WARN_NON_LITERAL_NULL_CONVERSION = YES;
				CLANG_WARN_OBJC_IMPLICIT_RETAIN_SELF = YES;
				CLANG_WARN_OBJC_LITERAL_CONVERSION = YES;
				CLANG_WARN_OBJC_ROOT_CLASS = YES_ERROR;
				CLANG_WARN_RANGE_LOOP_ANALYSIS = YES;
				CLANG_WARN_STRICT_PROTOTYPES = YES;
				CLANG_WARN_SUSPICIOUS_MOVE = YES;
				CLANG_WARN_UNGUARDED_AVAILABILITY = YES_AGGRESSIVE;
				CLANG_WARN_UNREACHABLE_CODE = YES;
				CLANG_WARN__DUPLICATE_METHOD_MATCH = YES;
				COPY_PHASE_STRIP = NO;
				DEAD_CODE_STRIPPING = YES;
				DEBUG_INFORMATION_FORMAT = "dwarf-with-dsym";
				ENABLE_NS_ASSERTIONS = NO;
				ENABLE_STRICT_OBJC_MSGSEND = YES;
				GCC_C_LANGUAGE_STANDARD = gnu11;
				GCC_NO_COMMON_BLOCKS = YES;
				GCC_WARN_64_TO_32_BIT_CONVERSION = YES;
				GCC_WARN_ABOUT_RETURN_TYPE = YES_ERROR;
				GCC_WARN_UNDECLARED_SELECTOR = YES;
				GCC_WARN_UNINITIALIZED_AUTOS = YES_AGGRESSIVE;
				GCC_WARN_UNUSED_FUNCTION = YES;
				GCC_WARN_UNUSED_VARIABLE = YES;
				IPHONEOS_DEPLOYMENT_TARGET = 13.6;
				MTL_ENABLE_DEBUG_INFO = NO;
				MTL_FAST_MATH = YES;
				SDKROOT = iphoneos;
				SWIFT_COMPILATION_MODE = wholemodule;
				SWIFT_OPTIMIZATION_LEVEL = "-O";
				VALIDATE_PRODUCT = YES;
			};
			name = Release;
		};
		9EDF0ABA24C58AAB00614A0B /* Debug */ = {
			isa = XCBuildConfiguration;
			baseConfigurationReference = 868832BF3F60E7BB903D435C /* Pods-Babys First App.debug.xcconfig */;
			buildSettings = {
				ASSETCATALOG_COMPILER_APPICON_NAME = AppIcon;
				CODE_SIGN_STYLE = Automatic;
				DEVELOPMENT_ASSET_PATHS = "\"Babys First App/Preview Content\"";
				DEVELOPMENT_TEAM = VAU2Q7D9PL;
				ENABLE_PREVIEWS = YES;
				INFOPLIST_FILE = "Babys First App/Info.plist";
				LD_RUNPATH_SEARCH_PATHS = (
					"$(inherited)",
					"@executable_path/Frameworks",
				);
				PRODUCT_BUNDLE_IDENTIFIER = "com.simondrake.Babys-First-App";
				PRODUCT_NAME = "$(TARGET_NAME)";
				SWIFT_VERSION = 5.0;
				TARGETED_DEVICE_FAMILY = "1,2";
			};
			name = Debug;
		};
		9EDF0ABB24C58AAB00614A0B /* Release */ = {
			isa = XCBuildConfiguration;
			baseConfigurationReference = 37FA48E61F46F18687B72980 /* Pods-Babys First App.release.xcconfig */;
			buildSettings = {
				ASSETCATALOG_COMPILER_APPICON_NAME = AppIcon;
				CODE_SIGN_STYLE = Automatic;
				DEVELOPMENT_ASSET_PATHS = "\"Babys First App/Preview Content\"";
				DEVELOPMENT_TEAM = VAU2Q7D9PL;
				ENABLE_PREVIEWS = YES;
				INFOPLIST_FILE = "Babys First App/Info.plist";
				LD_RUNPATH_SEARCH_PATHS = (
					"$(inherited)",
					"@executable_path/Frameworks",
				);
				PRODUCT_BUNDLE_IDENTIFIER = "com.simondrake.Babys-First-App";
				PRODUCT_NAME = "$(TARGET_NAME)";
				SWIFT_VERSION = 5.0;
				TARGETED_DEVICE_FAMILY = "1,2";
			};
			name = Release;
		};
/* End XCBuildConfiguration section */

/* Begin XCConfigurationList section */
		9EDF0AA024C58AA900614A0B /* Build configuration list for PBXProject "Babys First App" */ = {
			isa = XCConfigurationList;
			buildConfigurations = (
				9EDF0AB724C58AAB00614A0B /* Debug */,
				9EDF0AB824C58AAB00614A0B /* Release */,
			);
			defaultConfigurationIsVisible = 0;
			defaultConfigurationName = Release;
		};
		9EDF0AB924C58AAB00614A0B /* Build configuration list for PBXNativeTarget "Babys First App" */ = {
			isa = XCConfigurationList;
			buildConfigurations = (
				9EDF0ABA24C58AAB00614A0B /* Debug */,
				9EDF0ABB24C58AAB00614A0B /* Release */,
			);
			defaultConfigurationIsVisible = 0;
			defaultConfigurationName = Release;
		};
/* End XCConfigurationList section */
	};
	rootObject = 9EDF0A9D24C58AA900614A0B /* Project object */;
}
